{
  "name": "@reiutsuho/pix",
  "version": "0.1.0",
  "lockfileVersion": 3,
  "requires": true,
  "packages": {
    "": {
      "name": "@reiutsuho/pix",
      "version": "0.1.0",
      "license": "MIT",
      "bin": {
        "pix": "bin/pix.js"
      },
      "engines": {
        "node": ">=18"
      }
    }
  }
}
